{
  "name": "hi-test-api",
  "version": "0.0.1",
  "lockfileVersion": 1,
  "requires": true,
  "dependencies": {
    "commander": {
      "version": "2.19.0",
      "resolved": "https://registry.npmjs.org/commander/-/commander-2.19.0.tgz",
      "integrity": "sha512-6tvAOO+D6OENvRAh524Dh9jcfKTYDQAqvqezbCW82xj5X0pSrcpxtvRKHLG0yBY6SD7PSDrJaj+0AiOcKVd1Xg=="
    },
    "debug": {
      "version": "2.6.9",
      "resolved": "https://registry.npmjs.org/debug/-/debug-2.6.9.tgz",
      "integrity": "sha512-bC7ElrdJaJnPbAP+1EotYvqZsb3ecl5wi6Bfi6BJTUcNowp6cvspg0jXznRTKDjm/E7AdgFBVeAPVMNcKGsHMA==",
      "requires": {
        "ms": "2.0.0"
      }
    },
    "deployd-cli": {
      "version": "2.0.2",
      "resolved": "https://registry.npmjs.org/deployd-cli/-/deployd-cli-2.0.2.tgz",
      "integrity": "sha1-zlb3ih2NZ0pVdZBgluKBrMW9uIA=",
      "requires": {
        "commander": "^2.2.0",
        "debug": "^2.1.0",
        "doh": "^0.0.4",
        "opener": "^1.4.0",
        "resolve": "^1.1.0",
        "semver": "^4.1.0",
        "shelljs": "^0.3.0",
        "step": "^0.0.5"
      }
    },
    "doh": {
      "version": "0.0.4",
      "resolved": "https://registry.npmjs.org/doh/-/doh-0.0.4.tgz",
      "integrity": "sha1-CaBO8URBP6b6pyC6Xiroq/jSgF8=",
      "requires": {
        "ejs": "0.8.x"
      },
      "dependencies": {
        "ejs": {
          "version": "0.8.8",
          "resolved": "https://registry.npmjs.org/ejs/-/ejs-0.8.8.tgz",
          "integrity": "sha1-/9xW3MNdApJt1QrRNDm7xUBh1Zg="
        }
      }
    },
    "ejs": {
      "version": "2.6.1",
      "resolved": "https://registry.npmjs.org/ejs/-/ejs-2.6.1.tgz",
      "integrity": "sha512-0xy4A/twfrRCnkhfk8ErDi5DqdAsAqeGxht4xkCUrsvhhbQNs7E+4jV0CN7+NKIY0aHE72+XvqtBIXzD31ZbXQ=="
    },
    "ms": {
      "version": "2.0.0",
      "resolved": "https://registry.npmjs.org/ms/-/ms-2.0.0.tgz",
      "integrity": "sha1-VgiurfwAvmwpAd9fmGF4jeDVl8g="
    },
    "opener": {
      "version": "1.5.1",
      "resolved": "https://registry.npmjs.org/opener/-/opener-1.5.1.tgz",
      "integrity": "sha512-goYSy5c2UXE4Ra1xixabeVh1guIX/ZV/YokJksb6q2lubWu6UbvPQ20p542/sFIll1nl8JnCyK9oBaOcCWXwvA=="
    },
    "path-parse": {
      "version": "1.0.6",
      "resolved": "https://registry.npmjs.org/path-parse/-/path-parse-1.0.6.tgz",
      "integrity": "sha512-GSmOT2EbHrINBf9SR7CDELwlJ8AENk3Qn7OikK4nFYAu3Ote2+JYNVvkpAEQm3/TLNEJFD/xZJjzyxg3KBWOzw=="
    },
    "resolve": {
      "version": "1.10.0",
      "resolved": "https://registry.npmjs.org/resolve/-/resolve-1.10.0.tgz",
      "integrity": "sha512-3sUr9aq5OfSg2S9pNtPA9hL1FVEAjvfOC4leW0SNf/mpnaakz2a9femSd6LqAww2RaFctwyf1lCqnTHuF1rxDg==",
      "requires": {
        "path-parse": "^1.0.6"
      }
    },
    "semver": {
      "version": "4.3.6",
      "resolved": "https://registry.npmjs.org/semver/-/semver-4.3.6.tgz",
      "integrity": "sha1-MAvG4OhjdPe6YQaLWx7NV/xlMto="
    },
    "shelljs": {
      "version": "0.3.0",
      "resolved": "https://registry.npmjs.org/shelljs/-/shelljs-0.3.0.tgz",
      "integrity": "sha1-NZbmMHp4FUT1kfN9phg2DzHbV7E="
    },
    "step": {
      "version": "0.0.5",
      "resolved": "https://registry.npmjs.org/step/-/step-0.0.5.tgz",
      "integrity": "sha1-XmYvFfm6Ls6cOpsOJVPRmGtrpEw="
    }
  }
}
